
Microsoft Visual Studio Solution File, Format Version 10.00
# Visual Studio 2008
Project("{FAE04EC0-301F-11D3-BF4B-00C04F79EFBC}") = "Page_338", "Page_338\Page_338.csproj", "{4ABCD398-3A50-44F9-88F8-2033DFC3CA62}"
EndProject
Global
	GlobalSection(SolutionConfigurationPlatforms) = preSolution
		Debug|Any CPU = Debug|Any CPU
		Release|Any CPU = Release|Any CPU
	EndGlobalSection
	GlobalSection(ProjectConfigurationPlatforms) = postSolution
		{4ABCD398-3A50-44F9-88F8-2033DFC3CA62}.Debug|Any CPU.ActiveCfg = Debug|Any CPU
		{4ABCD398-3A50-44F9-88F8-2033DFC3CA62}.Debug|Any CPU.Build.0 = Debug|Any CPU
		{4ABCD398-3A50-44F9-88F8-2033DFC3CA62}.Release|Any CPU.ActiveCfg = Release|Any CPU
		{4ABCD398-3A50-44F9-88F8-2033DFC3CA62}.Release|Any CPU.Build.0 = Release|Any CPU
	EndGlobalSection
	GlobalSection(SolutionProperties) = preSolution
		HideSolutionNode = FALSE
	EndGlobalSection
EndGlobal
