
Microsoft Visual Studio Solution File, Format Version 10.00
# Visual Studio 2008
Project("{FAE04EC0-301F-11D3-BF4B-00C04F79EFBC}") = "Page_111", "Page_111\Page_111.csproj", "{117BF5F4-EB68-4911-8FC9-C1C95B74FDEB}"
EndProject
Global
	GlobalSection(SolutionConfigurationPlatforms) = preSolution
		Debug|Any CPU = Debug|Any CPU
		Release|Any CPU = Release|Any CPU
	EndGlobalSection
	GlobalSection(ProjectConfigurationPlatforms) = postSolution
		{117BF5F4-EB68-4911-8FC9-C1C95B74FDEB}.Debug|Any CPU.ActiveCfg = Debug|Any CPU
		{117BF5F4-EB68-4911-8FC9-C1C95B74FDEB}.Debug|Any CPU.Build.0 = Debug|Any CPU
		{117BF5F4-EB68-4911-8FC9-C1C95B74FDEB}.Release|Any CPU.ActiveCfg = Release|Any CPU
		{117BF5F4-EB68-4911-8FC9-C1C95B74FDEB}.Release|Any CPU.Build.0 = Release|Any CPU
	EndGlobalSection
	GlobalSection(SolutionProperties) = preSolution
		HideSolutionNode = FALSE
	EndGlobalSection
EndGlobal
