
Microsoft Visual Studio Solution File, Format Version 10.00
# Visual Studio 2008
Project("{FAE04EC0-301F-11D3-BF4B-00C04F79EFBC}") = "Page_633_2", "Page_633_2\Page_633_2.csproj", "{9CAE9BBD-0260-4AB9-96CB-3888DD36EAB9}"
EndProject
Global
	GlobalSection(SolutionConfigurationPlatforms) = preSolution
		Debug|Any CPU = Debug|Any CPU
		Release|Any CPU = Release|Any CPU
	EndGlobalSection
	GlobalSection(ProjectConfigurationPlatforms) = postSolution
		{9CAE9BBD-0260-4AB9-96CB-3888DD36EAB9}.Debug|Any CPU.ActiveCfg = Debug|Any CPU
		{9CAE9BBD-0260-4AB9-96CB-3888DD36EAB9}.Debug|Any CPU.Build.0 = Debug|Any CPU
		{9CAE9BBD-0260-4AB9-96CB-3888DD36EAB9}.Release|Any CPU.ActiveCfg = Release|Any CPU
		{9CAE9BBD-0260-4AB9-96CB-3888DD36EAB9}.Release|Any CPU.Build.0 = Release|Any CPU
	EndGlobalSection
	GlobalSection(SolutionProperties) = preSolution
		HideSolutionNode = FALSE
	EndGlobalSection
EndGlobal
