
Microsoft Visual Studio Solution File, Format Version 10.00
# Visual Studio 2008
Project("{FAE04EC0-301F-11D3-BF4B-00C04F79EFBC}") = "Page_530", "Page_530\Page_530.csproj", "{37F26747-DA49-43FD-8375-1A5FC1BED9CA}"
EndProject
Global
	GlobalSection(SolutionConfigurationPlatforms) = preSolution
		Debug|Any CPU = Debug|Any CPU
		Release|Any CPU = Release|Any CPU
	EndGlobalSection
	GlobalSection(ProjectConfigurationPlatforms) = postSolution
		{37F26747-DA49-43FD-8375-1A5FC1BED9CA}.Debug|Any CPU.ActiveCfg = Debug|Any CPU
		{37F26747-DA49-43FD-8375-1A5FC1BED9CA}.Debug|Any CPU.Build.0 = Debug|Any CPU
		{37F26747-DA49-43FD-8375-1A5FC1BED9CA}.Release|Any CPU.ActiveCfg = Release|Any CPU
		{37F26747-DA49-43FD-8375-1A5FC1BED9CA}.Release|Any CPU.Build.0 = Release|Any CPU
	EndGlobalSection
	GlobalSection(SolutionProperties) = preSolution
		HideSolutionNode = FALSE
	EndGlobalSection
EndGlobal
