
Microsoft Visual Studio Solution File, Format Version 10.00
# Visual Studio 2008
Project("{FAE04EC0-301F-11D3-BF4B-00C04F79EFBC}") = "Page_537_1", "Page_537_1\Page_537_1.csproj", "{1A63B3C9-A96C-4F02-872C-93A085C489BD}"
EndProject
Global
	GlobalSection(SolutionConfigurationPlatforms) = preSolution
		Debug|Any CPU = Debug|Any CPU
		Release|Any CPU = Release|Any CPU
	EndGlobalSection
	GlobalSection(ProjectConfigurationPlatforms) = postSolution
		{1A63B3C9-A96C-4F02-872C-93A085C489BD}.Debug|Any CPU.ActiveCfg = Debug|Any CPU
		{1A63B3C9-A96C-4F02-872C-93A085C489BD}.Debug|Any CPU.Build.0 = Debug|Any CPU
		{1A63B3C9-A96C-4F02-872C-93A085C489BD}.Release|Any CPU.ActiveCfg = Release|Any CPU
		{1A63B3C9-A96C-4F02-872C-93A085C489BD}.Release|Any CPU.Build.0 = Release|Any CPU
	EndGlobalSection
	GlobalSection(SolutionProperties) = preSolution
		HideSolutionNode = FALSE
	EndGlobalSection
EndGlobal
