
Microsoft Visual Studio Solution File, Format Version 10.00
# Visual Studio 2008
Project("{FAE04EC0-301F-11D3-BF4B-00C04F79EFBC}") = "Page_646", "Page_646\Page_646.csproj", "{EDC06CF1-59B2-4506-BECD-90B4D4241E85}"
EndProject
Global
	GlobalSection(SolutionConfigurationPlatforms) = preSolution
		Debug|Any CPU = Debug|Any CPU
		Release|Any CPU = Release|Any CPU
	EndGlobalSection
	GlobalSection(ProjectConfigurationPlatforms) = postSolution
		{EDC06CF1-59B2-4506-BECD-90B4D4241E85}.Debug|Any CPU.ActiveCfg = Debug|Any CPU
		{EDC06CF1-59B2-4506-BECD-90B4D4241E85}.Debug|Any CPU.Build.0 = Debug|Any CPU
		{EDC06CF1-59B2-4506-BECD-90B4D4241E85}.Release|Any CPU.ActiveCfg = Release|Any CPU
		{EDC06CF1-59B2-4506-BECD-90B4D4241E85}.Release|Any CPU.Build.0 = Release|Any CPU
	EndGlobalSection
	GlobalSection(SolutionProperties) = preSolution
		HideSolutionNode = FALSE
	EndGlobalSection
EndGlobal
