
Microsoft Visual Studio Solution File, Format Version 10.00
# Visual Studio 2008
Project("{FAE04EC0-301F-11D3-BF4B-00C04F79EFBC}") = "MyWidgets", "Page_261\MyWidgets.csproj", "{1C3CBFC6-A288-4E9F-8E15-C69549E1478B}"
EndProject
Project("{FAE04EC0-301F-11D3-BF4B-00C04F79EFBC}") = "SuperLib", "SuperLib\SuperLib.csproj", "{3389C586-FE52-4A42-907D-20E67061A4AB}"
EndProject
Global
	GlobalSection(SolutionConfigurationPlatforms) = preSolution
		Debug|Any CPU = Debug|Any CPU
		Release|Any CPU = Release|Any CPU
	EndGlobalSection
	GlobalSection(ProjectConfigurationPlatforms) = postSolution
		{1C3CBFC6-A288-4E9F-8E15-C69549E1478B}.Debug|Any CPU.ActiveCfg = Debug|Any CPU
		{1C3CBFC6-A288-4E9F-8E15-C69549E1478B}.Debug|Any CPU.Build.0 = Debug|Any CPU
		{1C3CBFC6-A288-4E9F-8E15-C69549E1478B}.Release|Any CPU.ActiveCfg = Release|Any CPU
		{1C3CBFC6-A288-4E9F-8E15-C69549E1478B}.Release|Any CPU.Build.0 = Release|Any CPU
		{3389C586-FE52-4A42-907D-20E67061A4AB}.Debug|Any CPU.ActiveCfg = Debug|Any CPU
		{3389C586-FE52-4A42-907D-20E67061A4AB}.Debug|Any CPU.Build.0 = Debug|Any CPU
		{3389C586-FE52-4A42-907D-20E67061A4AB}.Release|Any CPU.ActiveCfg = Release|Any CPU
		{3389C586-FE52-4A42-907D-20E67061A4AB}.Release|Any CPU.Build.0 = Release|Any CPU
	EndGlobalSection
	GlobalSection(SolutionProperties) = preSolution
		HideSolutionNode = FALSE
	EndGlobalSection
EndGlobal
