
Microsoft Visual Studio Solution File, Format Version 10.00
# Visual Studio 2008
Project("{FAE04EC0-301F-11D3-BF4B-00C04F79EFBC}") = "Page_92", "Page_92\Page_92.csproj", "{7A2DC22E-962C-4599-B8A1-25C156A80689}"
EndProject
Global
	GlobalSection(SolutionConfigurationPlatforms) = preSolution
		Debug|Any CPU = Debug|Any CPU
		Release|Any CPU = Release|Any CPU
	EndGlobalSection
	GlobalSection(ProjectConfigurationPlatforms) = postSolution
		{7A2DC22E-962C-4599-B8A1-25C156A80689}.Debug|Any CPU.ActiveCfg = Debug|Any CPU
		{7A2DC22E-962C-4599-B8A1-25C156A80689}.Debug|Any CPU.Build.0 = Debug|Any CPU
		{7A2DC22E-962C-4599-B8A1-25C156A80689}.Release|Any CPU.ActiveCfg = Release|Any CPU
		{7A2DC22E-962C-4599-B8A1-25C156A80689}.Release|Any CPU.Build.0 = Release|Any CPU
	EndGlobalSection
	GlobalSection(SolutionProperties) = preSolution
		HideSolutionNode = FALSE
	EndGlobalSection
EndGlobal
