
Microsoft Visual Studio Solution File, Format Version 10.00
# Visual Studio 2008
Project("{FAE04EC0-301F-11D3-BF4B-00C04F79EFBC}") = "Page_300", "Page_300\Page_300.csproj", "{55E0A291-D790-45B5-B72A-3687809F5FC5}"
EndProject
Global
	GlobalSection(SolutionConfigurationPlatforms) = preSolution
		Debug|Any CPU = Debug|Any CPU
		Release|Any CPU = Release|Any CPU
	EndGlobalSection
	GlobalSection(ProjectConfigurationPlatforms) = postSolution
		{55E0A291-D790-45B5-B72A-3687809F5FC5}.Debug|Any CPU.ActiveCfg = Debug|Any CPU
		{55E0A291-D790-45B5-B72A-3687809F5FC5}.Debug|Any CPU.Build.0 = Debug|Any CPU
		{55E0A291-D790-45B5-B72A-3687809F5FC5}.Release|Any CPU.ActiveCfg = Release|Any CPU
		{55E0A291-D790-45B5-B72A-3687809F5FC5}.Release|Any CPU.Build.0 = Release|Any CPU
	EndGlobalSection
	GlobalSection(SolutionProperties) = preSolution
		HideSolutionNode = FALSE
	EndGlobalSection
EndGlobal
