
Microsoft Visual Studio Solution File, Format Version 10.00
# Visual Studio 2008
Project("{FAE04EC0-301F-11D3-BF4B-00C04F79EFBC}") = "Page_538", "Page_538\Page_538.csproj", "{26C20B94-167D-4A7D-8831-BE5E5555E17B}"
EndProject
Global
	GlobalSection(SolutionConfigurationPlatforms) = preSolution
		Debug|Any CPU = Debug|Any CPU
		Release|Any CPU = Release|Any CPU
	EndGlobalSection
	GlobalSection(ProjectConfigurationPlatforms) = postSolution
		{26C20B94-167D-4A7D-8831-BE5E5555E17B}.Debug|Any CPU.ActiveCfg = Debug|Any CPU
		{26C20B94-167D-4A7D-8831-BE5E5555E17B}.Debug|Any CPU.Build.0 = Debug|Any CPU
		{26C20B94-167D-4A7D-8831-BE5E5555E17B}.Release|Any CPU.ActiveCfg = Release|Any CPU
		{26C20B94-167D-4A7D-8831-BE5E5555E17B}.Release|Any CPU.Build.0 = Release|Any CPU
	EndGlobalSection
	GlobalSection(SolutionProperties) = preSolution
		HideSolutionNode = FALSE
	EndGlobalSection
EndGlobal
