
Microsoft Visual Studio Solution File, Format Version 10.00
# Visual Studio 2008
Project("{FAE04EC0-301F-11D3-BF4B-00C04F79EFBC}") = "Page_351", "Page_351\Page_351.csproj", "{C2A41B9A-F525-4AA5-8EC4-BD4C0C054C0F}"
EndProject
Global
	GlobalSection(SolutionConfigurationPlatforms) = preSolution
		Debug|Any CPU = Debug|Any CPU
		Release|Any CPU = Release|Any CPU
	EndGlobalSection
	GlobalSection(ProjectConfigurationPlatforms) = postSolution
		{C2A41B9A-F525-4AA5-8EC4-BD4C0C054C0F}.Debug|Any CPU.ActiveCfg = Debug|Any CPU
		{C2A41B9A-F525-4AA5-8EC4-BD4C0C054C0F}.Debug|Any CPU.Build.0 = Debug|Any CPU
		{C2A41B9A-F525-4AA5-8EC4-BD4C0C054C0F}.Release|Any CPU.ActiveCfg = Release|Any CPU
		{C2A41B9A-F525-4AA5-8EC4-BD4C0C054C0F}.Release|Any CPU.Build.0 = Release|Any CPU
	EndGlobalSection
	GlobalSection(SolutionProperties) = preSolution
		HideSolutionNode = FALSE
	EndGlobalSection
EndGlobal
