
Microsoft Visual Studio Solution File, Format Version 10.00
# Visual Studio 2008
Project("{FAE04EC0-301F-11D3-BF4B-00C04F79EFBC}") = "Page_431", "Page_431\Page_431.csproj", "{D55ACC55-84CB-4C0C-BAF4-A218F9AB261E}"
EndProject
Global
	GlobalSection(SolutionConfigurationPlatforms) = preSolution
		Debug|Any CPU = Debug|Any CPU
		Release|Any CPU = Release|Any CPU
	EndGlobalSection
	GlobalSection(ProjectConfigurationPlatforms) = postSolution
		{D55ACC55-84CB-4C0C-BAF4-A218F9AB261E}.Debug|Any CPU.ActiveCfg = Debug|Any CPU
		{D55ACC55-84CB-4C0C-BAF4-A218F9AB261E}.Debug|Any CPU.Build.0 = Debug|Any CPU
		{D55ACC55-84CB-4C0C-BAF4-A218F9AB261E}.Release|Any CPU.ActiveCfg = Release|Any CPU
		{D55ACC55-84CB-4C0C-BAF4-A218F9AB261E}.Release|Any CPU.Build.0 = Release|Any CPU
	EndGlobalSection
	GlobalSection(SolutionProperties) = preSolution
		HideSolutionNode = FALSE
	EndGlobalSection
EndGlobal
