
Microsoft Visual Studio Solution File, Format Version 10.00
# Visual Studio 2008
Project("{FAE04EC0-301F-11D3-BF4B-00C04F79EFBC}") = "Page_541", "Page_541\Page_541.csproj", "{070A0141-1CBF-494C-A7B0-79A85E8AD7CA}"
EndProject
Global
	GlobalSection(SolutionConfigurationPlatforms) = preSolution
		Debug|Any CPU = Debug|Any CPU
		Release|Any CPU = Release|Any CPU
	EndGlobalSection
	GlobalSection(ProjectConfigurationPlatforms) = postSolution
		{070A0141-1CBF-494C-A7B0-79A85E8AD7CA}.Debug|Any CPU.ActiveCfg = Debug|Any CPU
		{070A0141-1CBF-494C-A7B0-79A85E8AD7CA}.Debug|Any CPU.Build.0 = Debug|Any CPU
		{070A0141-1CBF-494C-A7B0-79A85E8AD7CA}.Release|Any CPU.ActiveCfg = Release|Any CPU
		{070A0141-1CBF-494C-A7B0-79A85E8AD7CA}.Release|Any CPU.Build.0 = Release|Any CPU
	EndGlobalSection
	GlobalSection(SolutionProperties) = preSolution
		HideSolutionNode = FALSE
	EndGlobalSection
EndGlobal
