
Microsoft Visual Studio Solution File, Format Version 10.00
# Visual Studio 2008
Project("{FAE04EC0-301F-11D3-BF4B-00C04F79EFBC}") = "Page_130", "Page_130\Page_130.csproj", "{D876F107-6455-48ED-B836-23A5F6F27842}"
EndProject
Global
	GlobalSection(SolutionConfigurationPlatforms) = preSolution
		Debug|Any CPU = Debug|Any CPU
		Release|Any CPU = Release|Any CPU
	EndGlobalSection
	GlobalSection(ProjectConfigurationPlatforms) = postSolution
		{D876F107-6455-48ED-B836-23A5F6F27842}.Debug|Any CPU.ActiveCfg = Debug|Any CPU
		{D876F107-6455-48ED-B836-23A5F6F27842}.Debug|Any CPU.Build.0 = Debug|Any CPU
		{D876F107-6455-48ED-B836-23A5F6F27842}.Release|Any CPU.ActiveCfg = Release|Any CPU
		{D876F107-6455-48ED-B836-23A5F6F27842}.Release|Any CPU.Build.0 = Release|Any CPU
	EndGlobalSection
	GlobalSection(SolutionProperties) = preSolution
		HideSolutionNode = FALSE
	EndGlobalSection
EndGlobal
