
Microsoft Visual Studio Solution File, Format Version 10.00
# Visual Studio 2008
Project("{FAE04EC0-301F-11D3-BF4B-00C04F79EFBC}") = "Page_416", "Page_416\Page_416.csproj", "{89FD6374-C213-42F8-BAC6-1A31A3036FCC}"
EndProject
Global
	GlobalSection(SolutionConfigurationPlatforms) = preSolution
		Debug|Any CPU = Debug|Any CPU
		Release|Any CPU = Release|Any CPU
	EndGlobalSection
	GlobalSection(ProjectConfigurationPlatforms) = postSolution
		{89FD6374-C213-42F8-BAC6-1A31A3036FCC}.Debug|Any CPU.ActiveCfg = Debug|Any CPU
		{89FD6374-C213-42F8-BAC6-1A31A3036FCC}.Debug|Any CPU.Build.0 = Debug|Any CPU
		{89FD6374-C213-42F8-BAC6-1A31A3036FCC}.Release|Any CPU.ActiveCfg = Release|Any CPU
		{89FD6374-C213-42F8-BAC6-1A31A3036FCC}.Release|Any CPU.Build.0 = Release|Any CPU
	EndGlobalSection
	GlobalSection(SolutionProperties) = preSolution
		HideSolutionNode = FALSE
	EndGlobalSection
EndGlobal
