
Microsoft Visual Studio Solution File, Format Version 10.00
# Visual Studio 2008
Project("{FAE04EC0-301F-11D3-BF4B-00C04F79EFBC}") = "Page_191", "Page_191\Page_191.csproj", "{55D8E418-2988-4DA4-8F5B-EDC23194A384}"
EndProject
Global
	GlobalSection(SolutionConfigurationPlatforms) = preSolution
		Debug|Any CPU = Debug|Any CPU
		Release|Any CPU = Release|Any CPU
	EndGlobalSection
	GlobalSection(ProjectConfigurationPlatforms) = postSolution
		{55D8E418-2988-4DA4-8F5B-EDC23194A384}.Debug|Any CPU.ActiveCfg = Debug|Any CPU
		{55D8E418-2988-4DA4-8F5B-EDC23194A384}.Debug|Any CPU.Build.0 = Debug|Any CPU
		{55D8E418-2988-4DA4-8F5B-EDC23194A384}.Release|Any CPU.ActiveCfg = Release|Any CPU
		{55D8E418-2988-4DA4-8F5B-EDC23194A384}.Release|Any CPU.Build.0 = Release|Any CPU
	EndGlobalSection
	GlobalSection(SolutionProperties) = preSolution
		HideSolutionNode = FALSE
	EndGlobalSection
EndGlobal
