
Microsoft Visual Studio Solution File, Format Version 10.00
# Visual Studio 2008
Project("{FAE04EC0-301F-11D3-BF4B-00C04F79EFBC}") = "Page_368", "Page_368\Page_368.csproj", "{016F006D-ACA5-4C13-96A2-4699B5BCBD0A}"
EndProject
Global
	GlobalSection(SolutionConfigurationPlatforms) = preSolution
		Debug|Any CPU = Debug|Any CPU
		Release|Any CPU = Release|Any CPU
	EndGlobalSection
	GlobalSection(ProjectConfigurationPlatforms) = postSolution
		{016F006D-ACA5-4C13-96A2-4699B5BCBD0A}.Debug|Any CPU.ActiveCfg = Debug|Any CPU
		{016F006D-ACA5-4C13-96A2-4699B5BCBD0A}.Debug|Any CPU.Build.0 = Debug|Any CPU
		{016F006D-ACA5-4C13-96A2-4699B5BCBD0A}.Release|Any CPU.ActiveCfg = Release|Any CPU
		{016F006D-ACA5-4C13-96A2-4699B5BCBD0A}.Release|Any CPU.Build.0 = Release|Any CPU
	EndGlobalSection
	GlobalSection(SolutionProperties) = preSolution
		HideSolutionNode = FALSE
	EndGlobalSection
EndGlobal
