
Microsoft Visual Studio Solution File, Format Version 10.00
# Visual Studio 2008
Project("{FAE04EC0-301F-11D3-BF4B-00C04F79EFBC}") = "Page_200", "Page_200\Page_200.csproj", "{713C8366-540F-4D40-9B3A-F7E641189541}"
EndProject
Global
	GlobalSection(SolutionConfigurationPlatforms) = preSolution
		Debug|Any CPU = Debug|Any CPU
		Release|Any CPU = Release|Any CPU
	EndGlobalSection
	GlobalSection(ProjectConfigurationPlatforms) = postSolution
		{713C8366-540F-4D40-9B3A-F7E641189541}.Debug|Any CPU.ActiveCfg = Debug|Any CPU
		{713C8366-540F-4D40-9B3A-F7E641189541}.Debug|Any CPU.Build.0 = Debug|Any CPU
		{713C8366-540F-4D40-9B3A-F7E641189541}.Release|Any CPU.ActiveCfg = Release|Any CPU
		{713C8366-540F-4D40-9B3A-F7E641189541}.Release|Any CPU.Build.0 = Release|Any CPU
	EndGlobalSection
	GlobalSection(SolutionProperties) = preSolution
		HideSolutionNode = FALSE
	EndGlobalSection
EndGlobal
