
Microsoft Visual Studio Solution File, Format Version 10.00
# Visual Studio 2008
Project("{FAE04EC0-301F-11D3-BF4B-00C04F79EFBC}") = "Page_634", "Page_634\Page_634.csproj", "{EE9421F7-5B3E-4E00-9428-99636B889D99}"
EndProject
Global
	GlobalSection(SolutionConfigurationPlatforms) = preSolution
		Debug|Any CPU = Debug|Any CPU
		Release|Any CPU = Release|Any CPU
	EndGlobalSection
	GlobalSection(ProjectConfigurationPlatforms) = postSolution
		{EE9421F7-5B3E-4E00-9428-99636B889D99}.Debug|Any CPU.ActiveCfg = Debug|Any CPU
		{EE9421F7-5B3E-4E00-9428-99636B889D99}.Debug|Any CPU.Build.0 = Debug|Any CPU
		{EE9421F7-5B3E-4E00-9428-99636B889D99}.Release|Any CPU.ActiveCfg = Release|Any CPU
		{EE9421F7-5B3E-4E00-9428-99636B889D99}.Release|Any CPU.Build.0 = Release|Any CPU
	EndGlobalSection
	GlobalSection(SolutionProperties) = preSolution
		HideSolutionNode = FALSE
	EndGlobalSection
EndGlobal
