
Microsoft Visual Studio Solution File, Format Version 10.00
# Visual Studio 2008
Project("{FAE04EC0-301F-11D3-BF4B-00C04F79EFBC}") = "Page_248", "Page_248\Page_248.csproj", "{F1A62BF1-2938-4E13-8316-5D9974481EA5}"
EndProject
Global
	GlobalSection(SolutionConfigurationPlatforms) = preSolution
		Debug|Any CPU = Debug|Any CPU
		Release|Any CPU = Release|Any CPU
	EndGlobalSection
	GlobalSection(ProjectConfigurationPlatforms) = postSolution
		{F1A62BF1-2938-4E13-8316-5D9974481EA5}.Debug|Any CPU.ActiveCfg = Debug|Any CPU
		{F1A62BF1-2938-4E13-8316-5D9974481EA5}.Debug|Any CPU.Build.0 = Debug|Any CPU
		{F1A62BF1-2938-4E13-8316-5D9974481EA5}.Release|Any CPU.ActiveCfg = Release|Any CPU
		{F1A62BF1-2938-4E13-8316-5D9974481EA5}.Release|Any CPU.Build.0 = Release|Any CPU
	EndGlobalSection
	GlobalSection(SolutionProperties) = preSolution
		HideSolutionNode = FALSE
	EndGlobalSection
EndGlobal
