
Microsoft Visual Studio Solution File, Format Version 10.00
# Visual Studio 2008
Project("{FAE04EC0-301F-11D3-BF4B-00C04F79EFBC}") = "Page_299", "Page_299\Page_299.csproj", "{EA22136E-F526-49A1-878C-A25FAAE17AAD}"
EndProject
Global
	GlobalSection(SolutionConfigurationPlatforms) = preSolution
		Debug|Any CPU = Debug|Any CPU
		Release|Any CPU = Release|Any CPU
	EndGlobalSection
	GlobalSection(ProjectConfigurationPlatforms) = postSolution
		{EA22136E-F526-49A1-878C-A25FAAE17AAD}.Debug|Any CPU.ActiveCfg = Debug|Any CPU
		{EA22136E-F526-49A1-878C-A25FAAE17AAD}.Debug|Any CPU.Build.0 = Debug|Any CPU
		{EA22136E-F526-49A1-878C-A25FAAE17AAD}.Release|Any CPU.ActiveCfg = Release|Any CPU
		{EA22136E-F526-49A1-878C-A25FAAE17AAD}.Release|Any CPU.Build.0 = Release|Any CPU
	EndGlobalSection
	GlobalSection(SolutionProperties) = preSolution
		HideSolutionNode = FALSE
	EndGlobalSection
EndGlobal
