
Microsoft Visual Studio Solution File, Format Version 10.00
# Visual Studio 2008
Project("{FAE04EC0-301F-11D3-BF4B-00C04F79EFBC}") = "Page_248_2", "Page_248_2\Page_248_2.csproj", "{FD2968F5-AE85-4BCC-88FA-C5DED08C6BA6}"
EndProject
Global
	GlobalSection(SolutionConfigurationPlatforms) = preSolution
		Debug|Any CPU = Debug|Any CPU
		Release|Any CPU = Release|Any CPU
	EndGlobalSection
	GlobalSection(ProjectConfigurationPlatforms) = postSolution
		{FD2968F5-AE85-4BCC-88FA-C5DED08C6BA6}.Debug|Any CPU.ActiveCfg = Debug|Any CPU
		{FD2968F5-AE85-4BCC-88FA-C5DED08C6BA6}.Debug|Any CPU.Build.0 = Debug|Any CPU
		{FD2968F5-AE85-4BCC-88FA-C5DED08C6BA6}.Release|Any CPU.ActiveCfg = Release|Any CPU
		{FD2968F5-AE85-4BCC-88FA-C5DED08C6BA6}.Release|Any CPU.Build.0 = Release|Any CPU
	EndGlobalSection
	GlobalSection(SolutionProperties) = preSolution
		HideSolutionNode = FALSE
	EndGlobalSection
EndGlobal
