
Microsoft Visual Studio Solution File, Format Version 10.00
# Visual Studio 2008
Project("{FAE04EC0-301F-11D3-BF4B-00C04F79EFBC}") = "Page_572", "Page_572\Page_572.csproj", "{0A6A5424-33C4-4C91-8E99-E2A153987753}"
EndProject
Global
	GlobalSection(SolutionConfigurationPlatforms) = preSolution
		Debug|Any CPU = Debug|Any CPU
		Release|Any CPU = Release|Any CPU
	EndGlobalSection
	GlobalSection(ProjectConfigurationPlatforms) = postSolution
		{0A6A5424-33C4-4C91-8E99-E2A153987753}.Debug|Any CPU.ActiveCfg = Debug|Any CPU
		{0A6A5424-33C4-4C91-8E99-E2A153987753}.Debug|Any CPU.Build.0 = Debug|Any CPU
		{0A6A5424-33C4-4C91-8E99-E2A153987753}.Release|Any CPU.ActiveCfg = Release|Any CPU
		{0A6A5424-33C4-4C91-8E99-E2A153987753}.Release|Any CPU.Build.0 = Release|Any CPU
	EndGlobalSection
	GlobalSection(SolutionProperties) = preSolution
		HideSolutionNode = FALSE
	EndGlobalSection
EndGlobal
