
Microsoft Visual Studio Solution File, Format Version 10.00
# Visual Studio 2008
Project("{FAE04EC0-301F-11D3-BF4B-00C04F79EFBC}") = "Page_558", "Page_558\Page_558.csproj", "{8D1B3788-F5B3-4F46-94C1-CE2A677EF588}"
EndProject
Global
	GlobalSection(SolutionConfigurationPlatforms) = preSolution
		Debug|Any CPU = Debug|Any CPU
		Release|Any CPU = Release|Any CPU
	EndGlobalSection
	GlobalSection(ProjectConfigurationPlatforms) = postSolution
		{8D1B3788-F5B3-4F46-94C1-CE2A677EF588}.Debug|Any CPU.ActiveCfg = Debug|Any CPU
		{8D1B3788-F5B3-4F46-94C1-CE2A677EF588}.Debug|Any CPU.Build.0 = Debug|Any CPU
		{8D1B3788-F5B3-4F46-94C1-CE2A677EF588}.Release|Any CPU.ActiveCfg = Release|Any CPU
		{8D1B3788-F5B3-4F46-94C1-CE2A677EF588}.Release|Any CPU.Build.0 = Release|Any CPU
	EndGlobalSection
	GlobalSection(SolutionProperties) = preSolution
		HideSolutionNode = FALSE
	EndGlobalSection
EndGlobal
