
Microsoft Visual Studio Solution File, Format Version 10.00
# Visual Studio 2008
Project("{FAE04EC0-301F-11D3-BF4B-00C04F79EFBC}") = "Page_505", "Page_505\Page_505.csproj", "{6B431BEB-BB69-4951-81FC-609A3599B684}"
EndProject
Global
	GlobalSection(SolutionConfigurationPlatforms) = preSolution
		Debug|Any CPU = Debug|Any CPU
		Release|Any CPU = Release|Any CPU
	EndGlobalSection
	GlobalSection(ProjectConfigurationPlatforms) = postSolution
		{6B431BEB-BB69-4951-81FC-609A3599B684}.Debug|Any CPU.ActiveCfg = Debug|Any CPU
		{6B431BEB-BB69-4951-81FC-609A3599B684}.Debug|Any CPU.Build.0 = Debug|Any CPU
		{6B431BEB-BB69-4951-81FC-609A3599B684}.Release|Any CPU.ActiveCfg = Release|Any CPU
		{6B431BEB-BB69-4951-81FC-609A3599B684}.Release|Any CPU.Build.0 = Release|Any CPU
	EndGlobalSection
	GlobalSection(SolutionProperties) = preSolution
		HideSolutionNode = FALSE
	EndGlobalSection
EndGlobal
