
Microsoft Visual Studio Solution File, Format Version 10.00
# Visual Studio 2008
Project("{FAE04EC0-301F-11D3-BF4B-00C04F79EFBC}") = "Page_484", "Page_484\Page_484.csproj", "{200D2961-C413-4AE2-AC7F-0E192F8349E6}"
EndProject
Global
	GlobalSection(SolutionConfigurationPlatforms) = preSolution
		Debug|Any CPU = Debug|Any CPU
		Release|Any CPU = Release|Any CPU
	EndGlobalSection
	GlobalSection(ProjectConfigurationPlatforms) = postSolution
		{200D2961-C413-4AE2-AC7F-0E192F8349E6}.Debug|Any CPU.ActiveCfg = Debug|Any CPU
		{200D2961-C413-4AE2-AC7F-0E192F8349E6}.Debug|Any CPU.Build.0 = Debug|Any CPU
		{200D2961-C413-4AE2-AC7F-0E192F8349E6}.Release|Any CPU.ActiveCfg = Release|Any CPU
		{200D2961-C413-4AE2-AC7F-0E192F8349E6}.Release|Any CPU.Build.0 = Release|Any CPU
	EndGlobalSection
	GlobalSection(SolutionProperties) = preSolution
		HideSolutionNode = FALSE
	EndGlobalSection
EndGlobal
