
Microsoft Visual Studio Solution File, Format Version 10.00
# Visual Studio 2008
Project("{FAE04EC0-301F-11D3-BF4B-00C04F79EFBC}") = "Page_208", "Page_208\Page_208.csproj", "{8161A3DC-BCED-4476-AC48-559CC385507E}"
EndProject
Global
	GlobalSection(SolutionConfigurationPlatforms) = preSolution
		Debug|Any CPU = Debug|Any CPU
		Release|Any CPU = Release|Any CPU
	EndGlobalSection
	GlobalSection(ProjectConfigurationPlatforms) = postSolution
		{8161A3DC-BCED-4476-AC48-559CC385507E}.Debug|Any CPU.ActiveCfg = Debug|Any CPU
		{8161A3DC-BCED-4476-AC48-559CC385507E}.Debug|Any CPU.Build.0 = Debug|Any CPU
		{8161A3DC-BCED-4476-AC48-559CC385507E}.Release|Any CPU.ActiveCfg = Release|Any CPU
		{8161A3DC-BCED-4476-AC48-559CC385507E}.Release|Any CPU.Build.0 = Release|Any CPU
	EndGlobalSection
	GlobalSection(SolutionProperties) = preSolution
		HideSolutionNode = FALSE
	EndGlobalSection
EndGlobal
