
Microsoft Visual Studio Solution File, Format Version 10.00
# Visual Studio 2008
Project("{FAE04EC0-301F-11D3-BF4B-00C04F79EFBC}") = "Page_561", "Page_561\Page_561.csproj", "{673358AF-D8A5-4213-9948-6C899CD51E68}"
EndProject
Global
	GlobalSection(SolutionConfigurationPlatforms) = preSolution
		Debug|Any CPU = Debug|Any CPU
		Release|Any CPU = Release|Any CPU
	EndGlobalSection
	GlobalSection(ProjectConfigurationPlatforms) = postSolution
		{673358AF-D8A5-4213-9948-6C899CD51E68}.Debug|Any CPU.ActiveCfg = Debug|Any CPU
		{673358AF-D8A5-4213-9948-6C899CD51E68}.Debug|Any CPU.Build.0 = Debug|Any CPU
		{673358AF-D8A5-4213-9948-6C899CD51E68}.Release|Any CPU.ActiveCfg = Release|Any CPU
		{673358AF-D8A5-4213-9948-6C899CD51E68}.Release|Any CPU.Build.0 = Release|Any CPU
	EndGlobalSection
	GlobalSection(SolutionProperties) = preSolution
		HideSolutionNode = FALSE
	EndGlobalSection
EndGlobal
