
Microsoft Visual Studio Solution File, Format Version 10.00
# Visual Studio 2008
Project("{FAE04EC0-301F-11D3-BF4B-00C04F79EFBC}") = "Page_550", "Page_550\Page_550.csproj", "{4C395117-C286-4734-86AA-7F85E9BFFEFF}"
EndProject
Global
	GlobalSection(SolutionConfigurationPlatforms) = preSolution
		Debug|Any CPU = Debug|Any CPU
		Release|Any CPU = Release|Any CPU
	EndGlobalSection
	GlobalSection(ProjectConfigurationPlatforms) = postSolution
		{4C395117-C286-4734-86AA-7F85E9BFFEFF}.Debug|Any CPU.ActiveCfg = Debug|Any CPU
		{4C395117-C286-4734-86AA-7F85E9BFFEFF}.Debug|Any CPU.Build.0 = Debug|Any CPU
		{4C395117-C286-4734-86AA-7F85E9BFFEFF}.Release|Any CPU.ActiveCfg = Release|Any CPU
		{4C395117-C286-4734-86AA-7F85E9BFFEFF}.Release|Any CPU.Build.0 = Release|Any CPU
	EndGlobalSection
	GlobalSection(SolutionProperties) = preSolution
		HideSolutionNode = FALSE
	EndGlobalSection
EndGlobal
