
Microsoft Visual Studio Solution File, Format Version 10.00
# Visual Studio 2008
Project("{FAE04EC0-301F-11D3-BF4B-00C04F79EFBC}") = "Page_633_1", "Page_633\Page_633_1.csproj", "{ADE05233-B4CE-467C-8A62-889D08C4E344}"
EndProject
Global
	GlobalSection(SolutionConfigurationPlatforms) = preSolution
		Debug|Any CPU = Debug|Any CPU
		Release|Any CPU = Release|Any CPU
	EndGlobalSection
	GlobalSection(ProjectConfigurationPlatforms) = postSolution
		{ADE05233-B4CE-467C-8A62-889D08C4E344}.Debug|Any CPU.ActiveCfg = Debug|Any CPU
		{ADE05233-B4CE-467C-8A62-889D08C4E344}.Debug|Any CPU.Build.0 = Debug|Any CPU
		{ADE05233-B4CE-467C-8A62-889D08C4E344}.Release|Any CPU.ActiveCfg = Release|Any CPU
		{ADE05233-B4CE-467C-8A62-889D08C4E344}.Release|Any CPU.Build.0 = Release|Any CPU
	EndGlobalSection
	GlobalSection(SolutionProperties) = preSolution
		HideSolutionNode = FALSE
	EndGlobalSection
EndGlobal
