
Microsoft Visual Studio Solution File, Format Version 10.00
# Visual Studio 2008
Project("{FAE04EC0-301F-11D3-BF4B-00C04F79EFBC}") = "Page_533", "Page_533\Page_533.csproj", "{9AD6977A-64BB-4464-85CD-0DD26A3A4D31}"
EndProject
Global
	GlobalSection(SolutionConfigurationPlatforms) = preSolution
		Debug|Any CPU = Debug|Any CPU
		Release|Any CPU = Release|Any CPU
	EndGlobalSection
	GlobalSection(ProjectConfigurationPlatforms) = postSolution
		{9AD6977A-64BB-4464-85CD-0DD26A3A4D31}.Debug|Any CPU.ActiveCfg = Debug|Any CPU
		{9AD6977A-64BB-4464-85CD-0DD26A3A4D31}.Debug|Any CPU.Build.0 = Debug|Any CPU
		{9AD6977A-64BB-4464-85CD-0DD26A3A4D31}.Release|Any CPU.ActiveCfg = Release|Any CPU
		{9AD6977A-64BB-4464-85CD-0DD26A3A4D31}.Release|Any CPU.Build.0 = Release|Any CPU
	EndGlobalSection
	GlobalSection(SolutionProperties) = preSolution
		HideSolutionNode = FALSE
	EndGlobalSection
EndGlobal
