
Microsoft Visual Studio Solution File, Format Version 10.00
# Visual Studio 2008
Project("{FAE04EC0-301F-11D3-BF4B-00C04F79EFBC}") = "Page_566", "Page_566\Page_566.csproj", "{05D61DBA-9AFF-4592-AC24-6BB44E00F417}"
EndProject
Global
	GlobalSection(SolutionConfigurationPlatforms) = preSolution
		Debug|Any CPU = Debug|Any CPU
		Release|Any CPU = Release|Any CPU
	EndGlobalSection
	GlobalSection(ProjectConfigurationPlatforms) = postSolution
		{05D61DBA-9AFF-4592-AC24-6BB44E00F417}.Debug|Any CPU.ActiveCfg = Debug|Any CPU
		{05D61DBA-9AFF-4592-AC24-6BB44E00F417}.Debug|Any CPU.Build.0 = Debug|Any CPU
		{05D61DBA-9AFF-4592-AC24-6BB44E00F417}.Release|Any CPU.ActiveCfg = Release|Any CPU
		{05D61DBA-9AFF-4592-AC24-6BB44E00F417}.Release|Any CPU.Build.0 = Release|Any CPU
	EndGlobalSection
	GlobalSection(SolutionProperties) = preSolution
		HideSolutionNode = FALSE
	EndGlobalSection
EndGlobal
