
Microsoft Visual Studio Solution File, Format Version 10.00
# Visual Studio 2008
Project("{FAE04EC0-301F-11D3-BF4B-00C04F79EFBC}") = "Page_643", "Page_643\Page_643.csproj", "{F613DAD3-50C2-4BE2-A51F-6E56A56B5FCD}"
EndProject
Global
	GlobalSection(SolutionConfigurationPlatforms) = preSolution
		Debug|Any CPU = Debug|Any CPU
		Release|Any CPU = Release|Any CPU
	EndGlobalSection
	GlobalSection(ProjectConfigurationPlatforms) = postSolution
		{F613DAD3-50C2-4BE2-A51F-6E56A56B5FCD}.Debug|Any CPU.ActiveCfg = Debug|Any CPU
		{F613DAD3-50C2-4BE2-A51F-6E56A56B5FCD}.Debug|Any CPU.Build.0 = Debug|Any CPU
		{F613DAD3-50C2-4BE2-A51F-6E56A56B5FCD}.Release|Any CPU.ActiveCfg = Release|Any CPU
		{F613DAD3-50C2-4BE2-A51F-6E56A56B5FCD}.Release|Any CPU.Build.0 = Release|Any CPU
	EndGlobalSection
	GlobalSection(SolutionProperties) = preSolution
		HideSolutionNode = FALSE
	EndGlobalSection
EndGlobal
