
Microsoft Visual Studio Solution File, Format Version 10.00
# Visual Studio 2008
Project("{FAE04EC0-301F-11D3-BF4B-00C04F79EFBC}") = "Page_452", "Page_452\Page_452.csproj", "{2371EB95-3FE6-4737-980A-F476D4C43860}"
EndProject
Global
	GlobalSection(SolutionConfigurationPlatforms) = preSolution
		Debug|Any CPU = Debug|Any CPU
		Release|Any CPU = Release|Any CPU
	EndGlobalSection
	GlobalSection(ProjectConfigurationPlatforms) = postSolution
		{2371EB95-3FE6-4737-980A-F476D4C43860}.Debug|Any CPU.ActiveCfg = Debug|Any CPU
		{2371EB95-3FE6-4737-980A-F476D4C43860}.Debug|Any CPU.Build.0 = Debug|Any CPU
		{2371EB95-3FE6-4737-980A-F476D4C43860}.Release|Any CPU.ActiveCfg = Release|Any CPU
		{2371EB95-3FE6-4737-980A-F476D4C43860}.Release|Any CPU.Build.0 = Release|Any CPU
	EndGlobalSection
	GlobalSection(SolutionProperties) = preSolution
		HideSolutionNode = FALSE
	EndGlobalSection
EndGlobal
