
Microsoft Visual Studio Solution File, Format Version 10.00
# Visual Studio 2008
Project("{FAE04EC0-301F-11D3-BF4B-00C04F79EFBC}") = "Page_225", "Page_225\Page_225.csproj", "{758F13B8-1F09-47FB-BBD6-4A7F533C0EE6}"
EndProject
Global
	GlobalSection(SolutionConfigurationPlatforms) = preSolution
		Debug|Any CPU = Debug|Any CPU
		Release|Any CPU = Release|Any CPU
	EndGlobalSection
	GlobalSection(ProjectConfigurationPlatforms) = postSolution
		{758F13B8-1F09-47FB-BBD6-4A7F533C0EE6}.Debug|Any CPU.ActiveCfg = Debug|Any CPU
		{758F13B8-1F09-47FB-BBD6-4A7F533C0EE6}.Debug|Any CPU.Build.0 = Debug|Any CPU
		{758F13B8-1F09-47FB-BBD6-4A7F533C0EE6}.Release|Any CPU.ActiveCfg = Release|Any CPU
		{758F13B8-1F09-47FB-BBD6-4A7F533C0EE6}.Release|Any CPU.Build.0 = Release|Any CPU
	EndGlobalSection
	GlobalSection(SolutionProperties) = preSolution
		HideSolutionNode = FALSE
	EndGlobalSection
EndGlobal
