
Microsoft Visual Studio Solution File, Format Version 10.00
# Visual Studio 2008
Project("{FAE04EC0-301F-11D3-BF4B-00C04F79EFBC}") = "Page_167", "Page_167\Page_167.csproj", "{BCA273E0-379F-48A8-9891-82A12B037393}"
EndProject
Global
	GlobalSection(SolutionConfigurationPlatforms) = preSolution
		Debug|Any CPU = Debug|Any CPU
		Release|Any CPU = Release|Any CPU
	EndGlobalSection
	GlobalSection(ProjectConfigurationPlatforms) = postSolution
		{BCA273E0-379F-48A8-9891-82A12B037393}.Debug|Any CPU.ActiveCfg = Debug|Any CPU
		{BCA273E0-379F-48A8-9891-82A12B037393}.Debug|Any CPU.Build.0 = Debug|Any CPU
		{BCA273E0-379F-48A8-9891-82A12B037393}.Release|Any CPU.ActiveCfg = Release|Any CPU
		{BCA273E0-379F-48A8-9891-82A12B037393}.Release|Any CPU.Build.0 = Release|Any CPU
	EndGlobalSection
	GlobalSection(SolutionProperties) = preSolution
		HideSolutionNode = FALSE
	EndGlobalSection
EndGlobal
